
Microsoft Visual Studio Solution File, Format Version 12.00
# Visual Studio 2012
Project("{FAE04EC0-301F-11D3-BF4B-00C04F79EFBC}") = "JX.WPFToolkit", "JX.WPFToolkit.csproj", "{A2326A27-6DB7-4438-927C-98F724677A1C}"
EndProject
Project("{FAE04EC0-301F-11D3-BF4B-00C04F79EFBC}") = "TestApplication", "..\TestApplication\TestApplication.csproj", "{C47861FF-D74D-4620-A481-2D6532663209}"
EndProject
Global
	GlobalSection(SolutionConfigurationPlatforms) = preSolution
		Debug|Any CPU = Debug|Any CPU
		Release|Any CPU = Release|Any CPU
	EndGlobalSection
	GlobalSection(ProjectConfigurationPlatforms) = postSolution
		{A2326A27-6DB7-4438-927C-98F724677A1C}.Debug|Any CPU.ActiveCfg = Debug|Any CPU
		{A2326A27-6DB7-4438-927C-98F724677A1C}.Debug|Any CPU.Build.0 = Debug|Any CPU
		{A2326A27-6DB7-4438-927C-98F724677A1C}.Release|Any CPU.ActiveCfg = Release|Any CPU
		{A2326A27-6DB7-4438-927C-98F724677A1C}.Release|Any CPU.Build.0 = Release|Any CPU
		{C47861FF-D74D-4620-A481-2D6532663209}.Debug|Any CPU.ActiveCfg = Debug|Any CPU
		{C47861FF-D74D-4620-A481-2D6532663209}.Debug|Any CPU.Build.0 = Debug|Any CPU
		{C47861FF-D74D-4620-A481-2D6532663209}.Release|Any CPU.ActiveCfg = Release|Any CPU
		{C47861FF-D74D-4620-A481-2D6532663209}.Release|Any CPU.Build.0 = Release|Any CPU
	EndGlobalSection
	GlobalSection(SolutionProperties) = preSolution
		HideSolutionNode = FALSE
	EndGlobalSection
EndGlobal
